{
  "originHash" : "d53176ba91fb4de16b4f8087e62e2405e2e166cd8cceff59d9c035f7bd6c7ba3",
  "pins" : [
    {
      "identity" : "semantickit",
      "kind" : "remoteSourceControl",
      "location" : "https://github.com/SemanticKit/SemanticKit.git",
      "state" : {
        "branch" : "main",
        "revision" : "3a46e7c66a08f507d39be7c19f14ca853219cd72"
      }
    },
    {
      "identity" : "swift-syntax",
      "kind" : "remoteSourceControl",
      "location" : "https://github.com/swiftlang/swift-syntax.git",
      "state" : {
        "revision" : "0687f71944021d616d34d922343dcef086855920",
        "version" : "600.0.1"
      }
    }
  ],
  "version" : 3
}
