{
  "originHash" : "3339d69a6f0ad099cb330490e3acb4d03325c1325dbda70d837202524aeb6b9d",
  "pins" : [
    {
      "identity" : "irikit",
      "kind" : "remoteSourceControl",
      "location" : "https://github.com/SemanticKit/IRIKit.git",
      "state" : {
        "branch" : "main",
        "revision" : "2beed642c20fbd3bd0c8802e2f989d85380cac34"
      }
    },
    {
      "identity" : "swift-syntax",
      "kind" : "remoteSourceControl",
      "location" : "https://github.com/swiftlang/swift-syntax.git",
      "state" : {
        "revision" : "0687f71944021d616d34d922343dcef086855920",
        "version" : "600.0.1"
      }
    }
  ],
  "version" : 3
}
